# This file was autogenerated by Stack.
# You should not edit this file by hand.
# For more information, please see the documentation at:
#   https://docs.haskellstack.org/en/stable/lock_files

packages:
- completed:
    hackage: easyplot-1.0@sha256:3fec6ccf425b370ab668eb342bc4cd92777880653e27a982db7b225fd007cb2b,1936
    pantry-tree:
      sha256: a5de94b54a51732bf70a601fca8c905fe074ecf870ea573db36d53a3bbb282f4
      size: 219
  original:
    hackage: easyplot-1.0
- completed:
    commit: 96057011cb4cf431d9143428142235f9a5314fc6
    git: https://github.com/petals-of-white/huzzy.git
    name: huzzy
    pantry-tree:
      sha256: 38d32abd3b1ca110daad8bb61bfcfeb4dca19a9a554e9e956a0b08942417798e
      size: 920
    version: 0.1.5.5
  original:
    commit: 96057011cb4cf431d9143428142235f9a5314fc6
    git: https://github.com/petals-of-white/huzzy.git
snapshots:
- completed:
    sha256: 08bd13ce621b41a8f5e51456b38d5b46d7783ce114a50ab604d6bbab0d002146
    size: 720271
    url: https://raw.githubusercontent.com/commercialhaskell/stackage-snapshots/master/lts/22/43.yaml
  original: lts-22.43
